
Microsoft Visual Studio Solution File, Format Version 12.00
# Visual Studio 15
VisualStudioVersion = 15.0.28307.572
MinimumVisualStudioVersion = 10.0.40219.1
Project("{FAE04EC0-301F-11D3-BF4B-00C04F79EFBC}") = "Movies.Api", "Movies.Api\Movies.Api.csproj", "{93681234-BB7F-4C66-9ECF-E0EAC455EA95}"
EndProject
Project("{FAE04EC0-301F-11D3-BF4B-00C04F79EFBC}") = "Movies.Core", "Movies.Core\Movies.Core.csproj", "{13EB7E6E-02D3-4326-97CA-B60D32197290}"
EndProject
Project("{FAE04EC0-301F-11D3-BF4B-00C04F79EFBC}") = "Movies.Infrastructure", "Movies.Infrastructure\Movies.Infrastructure.csproj", "{D48E3A3B-E98C-4DCA-BA5D-37F9FEF2F5C1}"
EndProject
Global
	GlobalSection(SolutionConfigurationPlatforms) = preSolution
		Debug|Any CPU = Debug|Any CPU
		Release|Any CPU = Release|Any CPU
	EndGlobalSection
	GlobalSection(ProjectConfigurationPlatforms) = postSolution
		{93681234-BB7F-4C66-9ECF-E0EAC455EA95}.Debug|Any CPU.ActiveCfg = Debug|Any CPU
		{93681234-BB7F-4C66-9ECF-E0EAC455EA95}.Debug|Any CPU.Build.0 = Debug|Any CPU
		{93681234-BB7F-4C66-9ECF-E0EAC455EA95}.Release|Any CPU.ActiveCfg = Release|Any CPU
		{93681234-BB7F-4C66-9ECF-E0EAC455EA95}.Release|Any CPU.Build.0 = Release|Any CPU
		{13EB7E6E-02D3-4326-97CA-B60D32197290}.Debug|Any CPU.ActiveCfg = Debug|Any CPU
		{13EB7E6E-02D3-4326-97CA-B60D32197290}.Debug|Any CPU.Build.0 = Debug|Any CPU
		{13EB7E6E-02D3-4326-97CA-B60D32197290}.Release|Any CPU.ActiveCfg = Release|Any CPU
		{13EB7E6E-02D3-4326-97CA-B60D32197290}.Release|Any CPU.Build.0 = Release|Any CPU
		{D48E3A3B-E98C-4DCA-BA5D-37F9FEF2F5C1}.Debug|Any CPU.ActiveCfg = Debug|Any CPU
		{D48E3A3B-E98C-4DCA-BA5D-37F9FEF2F5C1}.Debug|Any CPU.Build.0 = Debug|Any CPU
		{D48E3A3B-E98C-4DCA-BA5D-37F9FEF2F5C1}.Release|Any CPU.ActiveCfg = Release|Any CPU
		{D48E3A3B-E98C-4DCA-BA5D-37F9FEF2F5C1}.Release|Any CPU.Build.0 = Release|Any CPU
	EndGlobalSection
	GlobalSection(SolutionProperties) = preSolution
		HideSolutionNode = FALSE
	EndGlobalSection
	GlobalSection(ExtensibilityGlobals) = postSolution
		SolutionGuid = {6354BA50-0694-49A8-AA62-1B5D1579C3E2}
	EndGlobalSection
EndGlobal
